// !$*UTF8*$!
{
	archiveVersion = 1;
	classes = {
	};
	objectVersion = 46;
	objects = {

/* Begin PBXBuildFile section */
		6A696C7019D471EA004BC567 /* Foundation.framework in Frameworks */ = {isa = PBXBuildFile; fileRef = 6A696C6F19D471EA004BC567 /* Foundation.framework */; };
		6A696C7219D471EA004BC567 /* CoreGraphics.framework in Frameworks */ = {isa = PBXBuildFile; fileRef = 6A696C7119D471EA004BC567 /* CoreGraphics.framework */; };
		6A696C7419D471EA004BC567 /* UIKit.framework in Frameworks */ = {isa = PBXBuildFile; fileRef = 6A696C7319D471EA004BC567 /* UIKit.framework */; };
		6A696C7A19D471EA004BC567 /* InfoPlist.strings in Resources */ = {isa = PBXBuildFile; fileRef = 6A696C7819D471EA004BC567 /* InfoPlist.strings */; };
		6A696C7C19D471EA004BC567 /* main.m in Sources */ = {isa = PBXBuildFile; fileRef = 6A696C7B19D471EA004BC567 /* main.m */; };
		6A696C8019D471EA004BC567 /* AppDelegate.m in Sources */ = {isa = PBXBuildFile; fileRef = 6A696C7F19D471EA004BC567 /* AppDelegate.m */; };
		6A696C8819D471EA004BC567 /* Images.xcassets in Resources */ = {isa = PBXBuildFile; fileRef = 6A696C8719D471EA004BC567 /* Images.xcassets */; };
		6A696C8F19D471EA004BC567 /* XCTest.framework in Frameworks */ = {isa = PBXBuildFile; fileRef = 6A696C8E19D471EA004BC567 /* XCTest.framework */; };
		6A696C9019D471EA004BC567 /* Foundation.framework in Frameworks */ = {isa = PBXBuildFile; fileRef = 6A696C6F19D471EA004BC567 /* Foundation.framework */; };
		6A696C9119D471EA004BC567 /* UIKit.framework in Frameworks */ = {isa = PBXBuildFile; fileRef = 6A696C7319D471EA004BC567 /* UIKit.framework */; };
		6A696C9919D471EA004BC567 /* InfoPlist.strings in Resources */ = {isa = PBXBuildFile; fileRef = 6A696C9719D471EA004BC567 /* InfoPlist.strings */; };
		6A696C9B19D471EA004BC567 /* SelfiephotoTests.m in Sources */ = {isa = PBXBuildFile; fileRef = 6A696C9A19D471EA004BC567 /* SelfiephotoTests.m */; };
		6A696CA819D472FC004BC567 /* InstagramKit.plist in Resources */ = {isa = PBXBuildFile; fileRef = 6A696CA719D472FC004BC567 /* InstagramKit.plist */; };
		6A696CBF19D47315004BC567 /* AFHTTPRequestOperation.m in Sources */ = {isa = PBXBuildFile; fileRef = 6A696CAA19D47315004BC567 /* AFHTTPRequestOperation.m */; };
		6A696CC019D47315004BC567 /* AFHTTPRequestOperationManager.m in Sources */ = {isa = PBXBuildFile; fileRef = 6A696CAC19D47315004BC567 /* AFHTTPRequestOperationManager.m */; };
		6A696CC119D47315004BC567 /* AFHTTPSessionManager.m in Sources */ = {isa = PBXBuildFile; fileRef = 6A696CAE19D47315004BC567 /* AFHTTPSessionManager.m */; };
		6A696CC219D47315004BC567 /* AFNetworkReachabilityManager.m in Sources */ = {isa = PBXBuildFile; fileRef = 6A696CB119D47315004BC567 /* AFNetworkReachabilityManager.m */; };
		6A696CC319D47315004BC567 /* AFSecurityPolicy.m in Sources */ = {isa = PBXBuildFile; fileRef = 6A696CB319D47315004BC567 /* AFSecurityPolicy.m */; };
		6A696CC419D47315004BC567 /* AFURLConnectionOperation.m in Sources */ = {isa = PBXBuildFile; fileRef = 6A696CB519D47315004BC567 /* AFURLConnectionOperation.m */; };
		6A696CC519D47315004BC567 /* AFURLRequestSerialization.m in Sources */ = {isa = PBXBuildFile; fileRef = 6A696CB719D47315004BC567 /* AFURLRequestSerialization.m */; };
		6A696CC619D47315004BC567 /* AFURLResponseSerialization.m in Sources */ = {isa = PBXBuildFile; fileRef = 6A696CB919D47315004BC567 /* AFURLResponseSerialization.m */; };
		6A696CC719D47315004BC567 /* AFURLSessionManager.m in Sources */ = {isa = PBXBuildFile; fileRef = 6A696CBB19D47315004BC567 /* AFURLSessionManager.m */; };
		6A696CC819D47315004BC567 /* UIImageView+AFNetworking.m in Sources */ = {isa = PBXBuildFile; fileRef = 6A696CBE19D47315004BC567 /* UIImageView+AFNetworking.m */; };
		6A696CD719D473DB004BC567 /* IKUserInPhoto.m in Sources */ = {isa = PBXBuildFile; fileRef = 6A696CCA19D473DB004BC567 /* IKUserInPhoto.m */; };
		6A696CD819D473DB004BC567 /* InstagramMedia.m in Sources */ = {isa = PBXBuildFile; fileRef = 6A696CCC19D473DB004BC567 /* InstagramMedia.m */; };
		6A696CD919D473DB004BC567 /* InstagramModel.m in Sources */ = {isa = PBXBuildFile; fileRef = 6A696CCE19D473DB004BC567 /* InstagramModel.m */; };
		6A696CDA19D473DB004BC567 /* InstagramUser.m in Sources */ = {isa = PBXBuildFile; fileRef = 6A696CD019D473DB004BC567 /* InstagramUser.m */; };
		6A696CDB19D473DB004BC567 /* InstagramComment.m in Sources */ = {isa = PBXBuildFile; fileRef = 6A696CD219D473DB004BC567 /* InstagramComment.m */; };
		6A696CDC19D473DB004BC567 /* InstagramTag.m in Sources */ = {isa = PBXBuildFile; fileRef = 6A696CD419D473DB004BC567 /* InstagramTag.m */; };
		6A696CDD19D473DB004BC567 /* InstagramPaginationInfo.m in Sources */ = {isa = PBXBuildFile; fileRef = 6A696CD619D473DB004BC567 /* InstagramPaginationInfo.m */; };
		6A696CE119D473FD004BC567 /* InstagramEngine.m in Sources */ = {isa = PBXBuildFile; fileRef = 6A696CE019D473FD004BC567 /* InstagramEngine.m */; };
		6A696CEC19D4759C004BC567 /* IKCell.m in Sources */ = {isa = PBXBuildFile; fileRef = 6A696CE719D4759C004BC567 /* IKCell.m */; };
		6A696CED19D4759C004BC567 /* IKMediaCell.m in Sources */ = {isa = PBXBuildFile; fileRef = 6A696CE919D4759C004BC567 /* IKMediaCell.m */; };
		6A696CEE19D4759C004BC567 /* IKActivityCell.m in Sources */ = {isa = PBXBuildFile; fileRef = 6A696CEB19D4759C004BC567 /* IKActivityCell.m */; };
		6A696CF019D4767D004BC567 /* Main.storyboard in Resources */ = {isa = PBXBuildFile; fileRef = 6A696CEF19D4767D004BC567 /* Main.storyboard */; };
		6A696CF719D47696004BC567 /* IKCollectionViewController.m in Sources */ = {isa = PBXBuildFile; fileRef = 6A696CF219D47696004BC567 /* IKCollectionViewController.m */; };
		6A696CF819D47696004BC567 /* IKMediaViewController.m in Sources */ = {isa = PBXBuildFile; fileRef = 6A696CF419D47696004BC567 /* IKMediaViewController.m */; };
		6A696CF919D47696004BC567 /* IKLoginViewController.m in Sources */ = {isa = PBXBuildFile; fileRef = 6A696CF619D47696004BC567 /* IKLoginViewController.m */; };
		6A696CFB19D4775D004BC567 /* MobileCoreServices.framework in Frameworks */ = {isa = PBXBuildFile; fileRef = 6A696CFA19D4775D004BC567 /* MobileCoreServices.framework */; };
		6A696CFD19D4776A004BC567 /* SystemConfiguration.framework in Frameworks */ = {isa = PBXBuildFile; fileRef = 6A696CFC19D4776A004BC567 /* SystemConfiguration.framework */; };
/* End PBXBuildFile section */

/* Begin PBXContainerItemProxy section */
		6A696C9219D471EA004BC567 /* PBXContainerItemProxy */ = {
			isa = PBXContainerItemProxy;
			containerPortal = 6A696C6419D471EA004BC567 /* Project object */;
			proxyType = 1;
			remoteGlobalIDString = 6A696C6B19D471EA004BC567;
			remoteInfo = Selfiephoto;
		};
/* End PBXContainerItemProxy section */

/* Begin PBXFileReference section */
		6A696C6C19D471EA004BC567 /* Selfiephoto.app */ = {isa = PBXFileReference; explicitFileType = wrapper.application; includeInIndex = 0; path = Selfiephoto.app; sourceTree = BUILT_PRODUCTS_DIR; };
		6A696C6F19D471EA004BC567 /* Foundation.framework */ = {isa = PBXFileReference; lastKnownFileType = wrapper.framework; name = Foundation.framework; path = System/Library/Frameworks/Foundation.framework; sourceTree = SDKROOT; };
		6A696C7119D471EA004BC567 /* CoreGraphics.framework */ = {isa = PBXFileReference; lastKnownFileType = wrapper.framework; name = CoreGraphics.framework; path = System/Library/Frameworks/CoreGraphics.framework; sourceTree = SDKROOT; };
		6A696C7319D471EA004BC567 /* UIKit.framework */ = {isa = PBXFileReference; lastKnownFileType = wrapper.framework; name = UIKit.framework; path = System/Library/Frameworks/UIKit.framework; sourceTree = SDKROOT; };
		6A696C7719D471EA004BC567 /* Selfiephoto-Info.plist */ = {isa = PBXFileReference; lastKnownFileType = text.plist.xml; path = "Selfiephoto-Info.plist"; sourceTree = "<group>"; };
		6A696C7919D471EA004BC567 /* en */ = {isa = PBXFileReference; lastKnownFileType = text.plist.strings; name = en; path = en.lproj/InfoPlist.strings; sourceTree = "<group>"; };
		6A696C7B19D471EA004BC567 /* main.m */ = {isa = PBXFileReference; lastKnownFileType = sourcecode.c.objc; path = main.m; sourceTree = "<group>"; };
		6A696C7D19D471EA004BC567 /* Selfiephoto-Prefix.pch */ = {isa = PBXFileReference; lastKnownFileType = sourcecode.c.h; path = "Selfiephoto-Prefix.pch"; sourceTree = "<group>"; };
		6A696C7E19D471EA004BC567 /* AppDelegate.h */ = {isa = PBXFileReference; lastKnownFileType = sourcecode.c.h; path = AppDelegate.h; sourceTree = "<group>"; };
		6A696C7F19D471EA004BC567 /* AppDelegate.m */ = {isa = PBXFileReference; lastKnownFileType = sourcecode.c.objc; path = AppDelegate.m; sourceTree = "<group>"; };
		6A696C8719D471EA004BC567 /* Images.xcassets */ = {isa = PBXFileReference; lastKnownFileType = folder.assetcatalog; path = Images.xcassets; sourceTree = "<group>"; };
		6A696C8D19D471EA004BC567 /* SelfiephotoTests.xctest */ = {isa = PBXFileReference; explicitFileType = wrapper.cfbundle; includeInIndex = 0; path = SelfiephotoTests.xctest; sourceTree = BUILT_PRODUCTS_DIR; };
		6A696C8E19D471EA004BC567 /* XCTest.framework */ = {isa = PBXFileReference; lastKnownFileType = wrapper.framework; name = XCTest.framework; path = Library/Frameworks/XCTest.framework; sourceTree = DEVELOPER_DIR; };
		6A696C9619D471EA004BC567 /* SelfiephotoTests-Info.plist */ = {isa = PBXFileReference; lastKnownFileType = text.plist.xml; path = "SelfiephotoTests-Info.plist"; sourceTree = "<group>"; };
		6A696C9819D471EA004BC567 /* en */ = {isa = PBXFileReference; lastKnownFileType = text.plist.strings; name = en; path = en.lproj/InfoPlist.strings; sourceTree = "<group>"; };
		6A696C9A19D471EA004BC567 /* SelfiephotoTests.m */ = {isa = PBXFileReference; lastKnownFileType = sourcecode.c.objc; path = SelfiephotoTests.m; sourceTree = "<group>"; };
		6A696CA719D472FC004BC567 /* InstagramKit.plist */ = {isa = PBXFileReference; fileEncoding = 4; lastKnownFileType = text.plist.xml; path = InstagramKit.plist; sourceTree = "<group>"; };
		6A696CA919D47315004BC567 /* AFHTTPRequestOperation.h */ = {isa = PBXFileReference; fileEncoding = 4; lastKnownFileType = sourcecode.c.h; path = AFHTTPRequestOperation.h; sourceTree = "<group>"; };
		6A696CAA19D47315004BC567 /* AFHTTPRequestOperation.m */ = {isa = PBXFileReference; fileEncoding = 4; lastKnownFileType = sourcecode.c.objc; path = AFHTTPRequestOperation.m; sourceTree = "<group>"; };
		6A696CAB19D47315004BC567 /* AFHTTPRequestOperationManager.h */ = {isa = PBXFileReference; fileEncoding = 4; lastKnownFileType = sourcecode.c.h; path = AFHTTPRequestOperationManager.h; sourceTree = "<group>"; };
		6A696CAC19D47315004BC567 /* AFHTTPRequestOperationManager.m */ = {isa = PBXFileReference; fileEncoding = 4; lastKnownFileType = sourcecode.c.objc; path = AFHTTPRequestOperationManager.m; sourceTree = "<group>"; };
		6A696CAD19D47315004BC567 /* AFHTTPSessionManager.h */ = {isa = PBXFileReference; fileEncoding = 4; lastKnownFileType = sourcecode.c.h; path = AFHTTPSessionManager.h; sourceTree = "<group>"; };
		6A696CAE19D47315004BC567 /* AFHTTPSessionManager.m */ = {isa = PBXFileReference; fileEncoding = 4; lastKnownFileType = sourcecode.c.objc; path = AFHTTPSessionManager.m; sourceTree = "<group>"; };
		6A696CAF19D47315004BC567 /* AFNetworking.h */ = {isa = PBXFileReference; fileEncoding = 4; lastKnownFileType = sourcecode.c.h; path = AFNetworking.h; sourceTree = "<group>"; };
		6A696CB019D47315004BC567 /* AFNetworkReachabilityManager.h */ = {isa = PBXFileReference; fileEncoding = 4; lastKnownFileType = sourcecode.c.h; path = AFNetworkReachabilityManager.h; sourceTree = "<group>"; };
		6A696CB119D47315004BC567 /* AFNetworkReachabilityManager.m */ = {isa = PBXFileReference; fileEncoding = 4; lastKnownFileType = sourcecode.c.objc; path = AFNetworkReachabilityManager.m; sourceTree = "<group>"; };
		6A696CB219D47315004BC567 /* AFSecurityPolicy.h */ = {isa = PBXFileReference; fileEncoding = 4; lastKnownFileType = sourcecode.c.h; path = AFSecurityPolicy.h; sourceTree = "<group>"; };
		6A696CB319D47315004BC567 /* AFSecurityPolicy.m */ = {isa = PBXFileReference; fileEncoding = 4; lastKnownFileType = sourcecode.c.objc; path = AFSecurityPolicy.m; sourceTree = "<group>"; };
		6A696CB419D47315004BC567 /* AFURLConnectionOperation.h */ = {isa = PBXFileReference; fileEncoding = 4; lastKnownFileType = sourcecode.c.h; path = AFURLConnectionOperation.h; sourceTree = "<group>"; };
		6A696CB519D47315004BC567 /* AFURLConnectionOperation.m */ = {isa = PBXFileReference; fileEncoding = 4; lastKnownFileType = sourcecode.c.objc; path = AFURLConnectionOperation.m; sourceTree = "<group>"; };
		6A696CB619D47315004BC567 /* AFURLRequestSerialization.h */ = {isa = PBXFileReference; fileEncoding = 4; lastKnownFileType = sourcecode.c.h; path = AFURLRequestSerialization.h; sourceTree = "<group>"; };
		6A696CB719D47315004BC567 /* AFURLRequestSerialization.m */ = {isa = PBXFileReference; fileEncoding = 4; lastKnownFileType = sourcecode.c.objc; path = AFURLRequestSerialization.m; sourceTree = "<group>"; };
		6A696CB819D47315004BC567 /* AFURLResponseSerialization.h */ = {isa = PBXFileReference; fileEncoding = 4; lastKnownFileType = sourcecode.c.h; path = AFURLResponseSerialization.h; sourceTree = "<group>"; };
		6A696CB919D47315004BC567 /* AFURLResponseSerialization.m */ = {isa = PBXFileReference; fileEncoding = 4; lastKnownFileType = sourcecode.c.objc; path = AFURLResponseSerialization.m; sourceTree = "<group>"; };
		6A696CBA19D47315004BC567 /* AFURLSessionManager.h */ = {isa = PBXFileReference; fileEncoding = 4; lastKnownFileType = sourcecode.c.h; path = AFURLSessionManager.h; sourceTree = "<group>"; };
		6A696CBB19D47315004BC567 /* AFURLSessionManager.m */ = {isa = PBXFileReference; fileEncoding = 4; lastKnownFileType = sourcecode.c.objc; path = AFURLSessionManager.m; sourceTree = "<group>"; };
		6A696CBC19D47315004BC567 /* UIImageView+AFNetworking.h */ = {isa = PBXFileReference; fileEncoding = 4; lastKnownFileType = sourcecode.c.h; path = "UIImageView+AFNetworking.h"; sourceTree = "<group>"; };
		6A696CBD19D47315004BC567 /* IKUserInPhoto.h */ = {isa = PBXFileReference; fileEncoding = 4; lastKnownFileType = sourcecode.c.h; path = IKUserInPhoto.h; sourceTree = "<group>"; };
		6A696CBE19D47315004BC567 /* UIImageView+AFNetworking.m */ = {isa = PBXFileReference; fileEncoding = 4; lastKnownFileType = sourcecode.c.objc; path = "UIImageView+AFNetworking.m"; sourceTree = "<group>"; };
		6A696CCA19D473DB004BC567 /* IKUserInPhoto.m */ = {isa = PBXFileReference; fileEncoding = 4; lastKnownFileType = sourcecode.c.objc; path = IKUserInPhoto.m; sourceTree = "<group>"; };
		6A696CCB19D473DB004BC567 /* InstagramMedia.h */ = {isa = PBXFileReference; fileEncoding = 4; lastKnownFileType = sourcecode.c.h; path = InstagramMedia.h; sourceTree = "<group>"; };
		6A696CCC19D473DB004BC567 /* InstagramMedia.m */ = {isa = PBXFileReference; fileEncoding = 4; lastKnownFileType = sourcecode.c.objc; path = InstagramMedia.m; sourceTree = "<group>"; };
		6A696CCD19D473DB004BC567 /* InstagramModel.h */ = {isa = PBXFileReference; fileEncoding = 4; lastKnownFileType = sourcecode.c.h; path = InstagramModel.h; sourceTree = "<group>"; };
		6A696CCE19D473DB004BC567 /* InstagramModel.m */ = {isa = PBXFileReference; fileEncoding = 4; lastKnownFileType = sourcecode.c.objc; path = InstagramModel.m; sourceTree = "<group>"; };
		6A696CCF19D473DB004BC567 /* InstagramUser.h */ = {isa = PBXFileReference; fileEncoding = 4; lastKnownFileType = sourcecode.c.h; path = InstagramUser.h; sourceTree = "<group>"; };
		6A696CD019D473DB004BC567 /* InstagramUser.m */ = {isa = PBXFileReference; fileEncoding = 4; lastKnownFileType = sourcecode.c.objc; path = InstagramUser.m; sourceTree = "<group>"; };
		6A696CD119D473DB004BC567 /* InstagramComment.h */ = {isa = PBXFileReference; fileEncoding = 4; lastKnownFileType = sourcecode.c.h; path = InstagramComment.h; sourceTree = "<group>"; };
		6A696CD219D473DB004BC567 /* InstagramComment.m */ = {isa = PBXFileReference; fileEncoding = 4; lastKnownFileType = sourcecode.c.objc; path = InstagramComment.m; sourceTree = "<group>"; };
		6A696CD319D473DB004BC567 /* InstagramTag.h */ = {isa = PBXFileReference; fileEncoding = 4; lastKnownFileType = sourcecode.c.h; path = InstagramTag.h; sourceTree = "<group>"; };
		6A696CD419D473DB004BC567 /* InstagramTag.m */ = {isa = PBXFileReference; fileEncoding = 4; lastKnownFileType = sourcecode.c.objc; path = InstagramTag.m; sourceTree = "<group>"; };
		6A696CD519D473DB004BC567 /* InstagramPaginationInfo.h */ = {isa = PBXFileReference; fileEncoding = 4; lastKnownFileType = sourcecode.c.h; path = InstagramPaginationInfo.h; sourceTree = "<group>"; };
		6A696CD619D473DB004BC567 /* InstagramPaginationInfo.m */ = {isa = PBXFileReference; fileEncoding = 4; lastKnownFileType = sourcecode.c.objc; path = InstagramPaginationInfo.m; sourceTree = "<group>"; };
		6A696CDF19D473FD004BC567 /* InstagramEngine.h */ = {isa = PBXFileReference; fileEncoding = 4; lastKnownFileType = sourcecode.c.h; path = InstagramEngine.h; sourceTree = "<group>"; };
		6A696CE019D473FD004BC567 /* InstagramEngine.m */ = {isa = PBXFileReference; fileEncoding = 4; lastKnownFileType = sourcecode.c.objc; path = InstagramEngine.m; sourceTree = "<group>"; };
		6A696CE219D47460004BC567 /* InstagramKit.h */ = {isa = PBXFileReference; lastKnownFileType = sourcecode.c.h; path = InstagramKit.h; sourceTree = "<group>"; };
		6A696CE619D4759C004BC567 /* IKCell.h */ = {isa = PBXFileReference; fileEncoding = 4; lastKnownFileType = sourcecode.c.h; path = IKCell.h; sourceTree = "<group>"; };
		6A696CE719D4759C004BC567 /* IKCell.m */ = {isa = PBXFileReference; fileEncoding = 4; lastKnownFileType = sourcecode.c.objc; path = IKCell.m; sourceTree = "<group>"; };
		6A696CE819D4759C004BC567 /* IKMediaCell.h */ = {isa = PBXFileReference; fileEncoding = 4; lastKnownFileType = sourcecode.c.h; path = IKMediaCell.h; sourceTree = "<group>"; };
		6A696CE919D4759C004BC567 /* IKMediaCell.m */ = {isa = PBXFileReference; fileEncoding = 4; lastKnownFileType = sourcecode.c.objc; path = IKMediaCell.m; sourceTree = "<group>"; };
		6A696CEA19D4759C004BC567 /* IKActivityCell.h */ = {isa = PBXFileReference; fileEncoding = 4; lastKnownFileType = sourcecode.c.h; path = IKActivityCell.h; sourceTree = "<group>"; };
		6A696CEB19D4759C004BC567 /* IKActivityCell.m */ = {isa = PBXFileReference; fileEncoding = 4; lastKnownFileType = sourcecode.c.objc; path = IKActivityCell.m; sourceTree = "<group>"; };
		6A696CEF19D4767D004BC567 /* Main.storyboard */ = {isa = PBXFileReference; fileEncoding = 4; lastKnownFileType = file.storyboard; path = Main.storyboard; sourceTree = "<group>"; };
		6A696CF119D47696004BC567 /* IKCollectionViewController.h */ = {isa = PBXFileReference; fileEncoding = 4; lastKnownFileType = sourcecode.c.h; path = IKCollectionViewController.h; sourceTree = "<group>"; };
		6A696CF219D47696004BC567 /* IKCollectionViewController.m */ = {isa = PBXFileReference; fileEncoding = 4; lastKnownFileType = sourcecode.c.objc; path = IKCollectionViewController.m; sourceTree = "<group>"; };
		6A696CF319D47696004BC567 /* IKMediaViewController.h */ = {isa = PBXFileReference; fileEncoding = 4; lastKnownFileType = sourcecode.c.h; path = IKMediaViewController.h; sourceTree = "<group>"; };
		6A696CF419D47696004BC567 /* IKMediaViewController.m */ = {isa = PBXFileReference; fileEncoding = 4; lastKnownFileType = sourcecode.c.objc; path = IKMediaViewController.m; sourceTree = "<group>"; };
		6A696CF519D47696004BC567 /* IKLoginViewController.h */ = {isa = PBXFileReference; fileEncoding = 4; lastKnownFileType = sourcecode.c.h; path = IKLoginViewController.h; sourceTree = "<group>"; };
		6A696CF619D47696004BC567 /* IKLoginViewController.m */ = {isa = PBXFileReference; fileEncoding = 4; lastKnownFileType = sourcecode.c.objc; path = IKLoginViewController.m; sourceTree = "<group>"; };
		6A696CFA19D4775D004BC567 /* MobileCoreServices.framework */ = {isa = PBXFileReference; lastKnownFileType = wrapper.framework; name = MobileCoreServices.framework; path = System/Library/Frameworks/MobileCoreServices.framework; sourceTree = SDKROOT; };
		6A696CFC19D4776A004BC567 /* SystemConfiguration.framework */ = {isa = PBXFileReference; lastKnownFileType = wrapper.framework; name = SystemConfiguration.framework; path = System/Library/Frameworks/SystemConfiguration.framework; sourceTree = SDKROOT; };
/* End PBXFileReference section */

/* Begin PBXFrameworksBuildPhase section */
		6A696C6919D471EA004BC567 /* Frameworks */ = {
			isa = PBXFrameworksBuildPhase;
			buildActionMask = 2147483647;
			files = (
				6A696CFD19D4776A004BC567 /* SystemConfiguration.framework in Frameworks */,
				6A696CFB19D4775D004BC567 /* MobileCoreServices.framework in Frameworks */,
				6A696C7219D471EA004BC567 /* CoreGraphics.framework in Frameworks */,
				6A696C7419D471EA004BC567 /* UIKit.framework in Frameworks */,
				6A696C7019D471EA004BC567 /* Foundation.framework in Frameworks */,
			);
			runOnlyForDeploymentPostprocessing = 0;
		};
		6A696C8A19D471EA004BC567 /* Frameworks */ = {
			isa = PBXFrameworksBuildPhase;
			buildActionMask = 2147483647;
			files = (
				6A696C8F19D471EA004BC567 /* XCTest.framework in Frameworks */,
				6A696C9119D471EA004BC567 /* UIKit.framework in Frameworks */,
				6A696C9019D471EA004BC567 /* Foundation.framework in Frameworks */,
			);
			runOnlyForDeploymentPostprocessing = 0;
		};
/* End PBXFrameworksBuildPhase section */

/* Begin PBXGroup section */
		6A696C6319D471EA004BC567 = {
			isa = PBXGroup;
			children = (
				6A696C7519D471EA004BC567 /* Selfiephoto */,
				6A696C9419D471EA004BC567 /* SelfiephotoTests */,
				6A696C6E19D471EA004BC567 /* Frameworks */,
				6A696C6D19D471EA004BC567 /* Products */,
			);
			sourceTree = "<group>";
		};
		6A696C6D19D471EA004BC567 /* Products */ = {
			isa = PBXGroup;
			children = (
				6A696C6C19D471EA004BC567 /* Selfiephoto.app */,
				6A696C8D19D471EA004BC567 /* SelfiephotoTests.xctest */,
			);
			name = Products;
			sourceTree = "<group>";
		};
		6A696C6E19D471EA004BC567 /* Frameworks */ = {
			isa = PBXGroup;
			children = (
				6A696CFC19D4776A004BC567 /* SystemConfiguration.framework */,
				6A696CFA19D4775D004BC567 /* MobileCoreServices.framework */,
				6A696C6F19D471EA004BC567 /* Foundation.framework */,
				6A696C7119D471EA004BC567 /* CoreGraphics.framework */,
				6A696C7319D471EA004BC567 /* UIKit.framework */,
				6A696C8E19D471EA004BC567 /* XCTest.framework */,
			);
			name = Frameworks;
			sourceTree = "<group>";
		};
		6A696C7519D471EA004BC567 /* Selfiephoto */ = {
			isa = PBXGroup;
			children = (
				6A696CE319D47506004BC567 /* SelfieDemo */,
				6A696CA519D47291004BC567 /* InstagramKit */,
				6A696CA419D4727A004BC567 /* AFNetworking */,
				6A696C8719D471EA004BC567 /* Images.xcassets */,
				6A696CEF19D4767D004BC567 /* Main.storyboard */,
				6A696C7619D471EA004BC567 /* Supporting Files */,
			);
			path = Selfiephoto;
			sourceTree = "<group>";
		};
		6A696C7619D471EA004BC567 /* Supporting Files */ = {
			isa = PBXGroup;
			children = (
				6A696C7719D471EA004BC567 /* Selfiephoto-Info.plist */,
				6A696C7819D471EA004BC567 /* InfoPlist.strings */,
				6A696C7B19D471EA004BC567 /* main.m */,
				6A696C7D19D471EA004BC567 /* Selfiephoto-Prefix.pch */,
			);
			name = "Supporting Files";
			sourceTree = "<group>";
		};
		6A696C9419D471EA004BC567 /* SelfiephotoTests */ = {
			isa = PBXGroup;
			children = (
				6A696C9A19D471EA004BC567 /* SelfiephotoTests.m */,
				6A696C9519D471EA004BC567 /* Supporting Files */,
			);
			path = SelfiephotoTests;
			sourceTree = "<group>";
		};
		6A696C9519D471EA004BC567 /* Supporting Files */ = {
			isa = PBXGroup;
			children = (
				6A696C9619D471EA004BC567 /* SelfiephotoTests-Info.plist */,
				6A696C9719D471EA004BC567 /* InfoPlist.strings */,
			);
			name = "Supporting Files";
			sourceTree = "<group>";
		};
		6A696CA419D4727A004BC567 /* AFNetworking */ = {
			isa = PBXGroup;
			children = (
				6A696CA919D47315004BC567 /* AFHTTPRequestOperation.h */,
				6A696CAA19D47315004BC567 /* AFHTTPRequestOperation.m */,
				6A696CAB19D47315004BC567 /* AFHTTPRequestOperationManager.h */,
				6A696CAC19D47315004BC567 /* AFHTTPRequestOperationManager.m */,
				6A696CAD19D47315004BC567 /* AFHTTPSessionManager.h */,
				6A696CAE19D47315004BC567 /* AFHTTPSessionManager.m */,
				6A696CAF19D47315004BC567 /* AFNetworking.h */,
				6A696CB019D47315004BC567 /* AFNetworkReachabilityManager.h */,
				6A696CB119D47315004BC567 /* AFNetworkReachabilityManager.m */,
				6A696CB219D47315004BC567 /* AFSecurityPolicy.h */,
				6A696CB319D47315004BC567 /* AFSecurityPolicy.m */,
				6A696CB419D47315004BC567 /* AFURLConnectionOperation.h */,
				6A696CB519D47315004BC567 /* AFURLConnectionOperation.m */,
				6A696CB619D47315004BC567 /* AFURLRequestSerialization.h */,
				6A696CB719D47315004BC567 /* AFURLRequestSerialization.m */,
				6A696CB819D47315004BC567 /* AFURLResponseSerialization.h */,
				6A696CB919D47315004BC567 /* AFURLResponseSerialization.m */,
				6A696CBA19D47315004BC567 /* AFURLSessionManager.h */,
				6A696CBB19D47315004BC567 /* AFURLSessionManager.m */,
				6A696CBC19D47315004BC567 /* UIImageView+AFNetworking.h */,
				6A696CBD19D47315004BC567 /* IKUserInPhoto.h */,
				6A696CBE19D47315004BC567 /* UIImageView+AFNetworking.m */,
			);
			name = AFNetworking;
			sourceTree = "<group>";
		};
		6A696CA519D47291004BC567 /* InstagramKit */ = {
			isa = PBXGroup;
			children = (
				6A696CDE19D473ED004BC567 /* Engine */,
				6A696CC919D473CA004BC567 /* Models */,
				6A696CA719D472FC004BC567 /* InstagramKit.plist */,
				6A696CE219D47460004BC567 /* InstagramKit.h */,
			);
			name = InstagramKit;
			sourceTree = "<group>";
		};
		6A696CC919D473CA004BC567 /* Models */ = {
			isa = PBXGroup;
			children = (
				6A696CCA19D473DB004BC567 /* IKUserInPhoto.m */,
				6A696CCB19D473DB004BC567 /* InstagramMedia.h */,
				6A696CCC19D473DB004BC567 /* InstagramMedia.m */,
				6A696CCD19D473DB004BC567 /* InstagramModel.h */,
				6A696CCE19D473DB004BC567 /* InstagramModel.m */,
				6A696CCF19D473DB004BC567 /* InstagramUser.h */,
				6A696CD019D473DB004BC567 /* InstagramUser.m */,
				6A696CD119D473DB004BC567 /* InstagramComment.h */,
				6A696CD219D473DB004BC567 /* InstagramComment.m */,
				6A696CD319D473DB004BC567 /* InstagramTag.h */,
				6A696CD419D473DB004BC567 /* InstagramTag.m */,
				6A696CD519D473DB004BC567 /* InstagramPaginationInfo.h */,
				6A696CD619D473DB004BC567 /* InstagramPaginationInfo.m */,
			);
			name = Models;
			sourceTree = "<group>";
		};
		6A696CDE19D473ED004BC567 /* Engine */ = {
			isa = PBXGroup;
			children = (
				6A696CDF19D473FD004BC567 /* InstagramEngine.h */,
				6A696CE019D473FD004BC567 /* InstagramEngine.m */,
			);
			name = Engine;
			sourceTree = "<group>";
		};
		6A696CE319D47506004BC567 /* SelfieDemo */ = {
			isa = PBXGroup;
			children = (
				6A696CE419D47540004BC567 /* Classes */,
			);
			name = SelfieDemo;
			sourceTree = "<group>";
		};
		6A696CE419D47540004BC567 /* Classes */ = {
			isa = PBXGroup;
			children = (
				6A696CE519D47577004BC567 /* CollectionView Cells */,
				6A696C7E19D471EA004BC567 /* AppDelegate.h */,
				6A696C7F19D471EA004BC567 /* AppDelegate.m */,
				6A696CF119D47696004BC567 /* IKCollectionViewController.h */,
				6A696CF219D47696004BC567 /* IKCollectionViewController.m */,
				6A696CF319D47696004BC567 /* IKMediaViewController.h */,
				6A696CF419D47696004BC567 /* IKMediaViewController.m */,
				6A696CF519D47696004BC567 /* IKLoginViewController.h */,
				6A696CF619D47696004BC567 /* IKLoginViewController.m */,
			);
			name = Classes;
			sourceTree = "<group>";
		};
		6A696CE519D47577004BC567 /* CollectionView Cells */ = {
			isa = PBXGroup;
			children = (
				6A696CE619D4759C004BC567 /* IKCell.h */,
				6A696CE719D4759C004BC567 /* IKCell.m */,
				6A696CE819D4759C004BC567 /* IKMediaCell.h */,
				6A696CE919D4759C004BC567 /* IKMediaCell.m */,
				6A696CEA19D4759C004BC567 /* IKActivityCell.h */,
				6A696CEB19D4759C004BC567 /* IKActivityCell.m */,
			);
			name = "CollectionView Cells";
			sourceTree = "<group>";
		};
/* End PBXGroup section */

/* Begin PBXNativeTarget section */
		6A696C6B19D471EA004BC567 /* Selfiephoto */ = {
			isa = PBXNativeTarget;
			buildConfigurationList = 6A696C9E19D471EA004BC567 /* Build configuration list for PBXNativeTarget "Selfiephoto" */;
			buildPhases = (
				6A696C6819D471EA004BC567 /* Sources */,
				6A696C6919D471EA004BC567 /* Frameworks */,
				6A696C6A19D471EA004BC567 /* Resources */,
			);
			buildRules = (
			);
			dependencies = (
			);
			name = Selfiephoto;
			productName = Selfiephoto;
			productReference = 6A696C6C19D471EA004BC567 /* Selfiephoto.app */;
			productType = "com.apple.product-type.application";
		};
		6A696C8C19D471EA004BC567 /* SelfiephotoTests */ = {
			isa = PBXNativeTarget;
			buildConfigurationList = 6A696CA119D471EA004BC567 /* Build configuration list for PBXNativeTarget "SelfiephotoTests" */;
			buildPhases = (
				6A696C8919D471EA004BC567 /* Sources */,
				6A696C8A19D471EA004BC567 /* Frameworks */,
				6A696C8B19D471EA004BC567 /* Resources */,
			);
			buildRules = (
			);
			dependencies = (
				6A696C9319D471EA004BC567 /* PBXTargetDependency */,
			);
			name = SelfiephotoTests;
			productName = SelfiephotoTests;
			productReference = 6A696C8D19D471EA004BC567 /* SelfiephotoTests.xctest */;
			productType = "com.apple.product-type.bundle.unit-test";
		};
/* End PBXNativeTarget section */

/* Begin PBXProject section */
		6A696C6419D471EA004BC567 /* Project object */ = {
			isa = PBXProject;
			attributes = {
				LastUpgradeCheck = 0510;
				ORGANIZATIONNAME = TringApps;
				TargetAttributes = {
					6A696C8C19D471EA004BC567 = {
						TestTargetID = 6A696C6B19D471EA004BC567;
					};
				};
			};
			buildConfigurationList = 6A696C6719D471EA004BC567 /* Build configuration list for PBXProject "Selfiephoto" */;
			compatibilityVersion = "Xcode 3.2";
			developmentRegion = English;
			hasScannedForEncodings = 0;
			knownRegions = (
				en,
				Base,
			);
			mainGroup = 6A696C6319D471EA004BC567;
			productRefGroup = 6A696C6D19D471EA004BC567 /* Products */;
			projectDirPath = "";
			projectRoot = "";
			targets = (
				6A696C6B19D471EA004BC567 /* Selfiephoto */,
				6A696C8C19D471EA004BC567 /* SelfiephotoTests */,
			);
		};
/* End PBXProject section */

/* Begin PBXResourcesBuildPhase section */
		6A696C6A19D471EA004BC567 /* Resources */ = {
			isa = PBXResourcesBuildPhase;
			buildActionMask = 2147483647;
			files = (
				6A696C8819D471EA004BC567 /* Images.xcassets in Resources */,
				6A696C7A19D471EA004BC567 /* InfoPlist.strings in Resources */,
				6A696CA819D472FC004BC567 /* InstagramKit.plist in Resources */,
				6A696CF019D4767D004BC567 /* Main.storyboard in Resources */,
			);
			runOnlyForDeploymentPostprocessing = 0;
		};
		6A696C8B19D471EA004BC567 /* Resources */ = {
			isa = PBXResourcesBuildPhase;
			buildActionMask = 2147483647;
			files = (
				6A696C9919D471EA004BC567 /* InfoPlist.strings in Resources */,
			);
			runOnlyForDeploymentPostprocessing = 0;
		};
/* End PBXResourcesBuildPhase section */

/* Begin PBXSourcesBuildPhase section */
		6A696C6819D471EA004BC567 /* Sources */ = {
			isa = PBXSourcesBuildPhase;
			buildActionMask = 2147483647;
			files = (
				6A696CD719D473DB004BC567 /* IKUserInPhoto.m in Sources */,
				6A696CBF19D47315004BC567 /* AFHTTPRequestOperation.m in Sources */,
				6A696CD919D473DB004BC567 /* InstagramModel.m in Sources */,
				6A696CC819D47315004BC567 /* UIImageView+AFNetworking.m in Sources */,
				6A696CEE19D4759C004BC567 /* IKActivityCell.m in Sources */,
				6A696CC019D47315004BC567 /* AFHTTPRequestOperationManager.m in Sources */,
				6A696CF919D47696004BC567 /* IKLoginViewController.m in Sources */,
				6A696CF719D47696004BC567 /* IKCollectionViewController.m in Sources */,
				6A696CDA19D473DB004BC567 /* InstagramUser.m in Sources */,
				6A696CC219D47315004BC567 /* AFNetworkReachabilityManager.m in Sources */,
				6A696CC619D47315004BC567 /* AFURLResponseSerialization.m in Sources */,
				6A696CF819D47696004BC567 /* IKMediaViewController.m in Sources */,
				6A696CC419D47315004BC567 /* AFURLConnectionOperation.m in Sources */,
				6A696CED19D4759C004BC567 /* IKMediaCell.m in Sources */,
				6A696CDB19D473DB004BC567 /* InstagramComment.m in Sources */,
				6A696CDC19D473DB004BC567 /* InstagramTag.m in Sources */,
				6A696CC319D47315004BC567 /* AFSecurityPolicy.m in Sources */,
				6A696CC119D47315004BC567 /* AFHTTPSessionManager.m in Sources */,
				6A696CC519D47315004BC567 /* AFURLRequestSerialization.m in Sources */,
				6A696CEC19D4759C004BC567 /* IKCell.m in Sources */,
				6A696CE119D473FD004BC567 /* InstagramEngine.m in Sources */,
				6A696CC719D47315004BC567 /* AFURLSessionManager.m in Sources */,
				6A696CDD19D473DB004BC567 /* InstagramPaginationInfo.m in Sources */,
				6A696CD819D473DB004BC567 /* InstagramMedia.m in Sources */,
				6A696C8019D471EA004BC567 /* AppDelegate.m in Sources */,
				6A696C7C19D471EA004BC567 /* main.m in Sources */,
			);
			runOnlyForDeploymentPostprocessing = 0;
		};
		6A696C8919D471EA004BC567 /* Sources */ = {
			isa = PBXSourcesBuildPhase;
			buildActionMask = 2147483647;
			files = (
				6A696C9B19D471EA004BC567 /* SelfiephotoTests.m in Sources */,
			);
			runOnlyForDeploymentPostprocessing = 0;
		};
/* End PBXSourcesBuildPhase section */

/* Begin PBXTargetDependency section */
		6A696C9319D471EA004BC567 /* PBXTargetDependency */ = {
			isa = PBXTargetDependency;
			target = 6A696C6B19D471EA004BC567 /* Selfiephoto */;
			targetProxy = 6A696C9219D471EA004BC567 /* PBXContainerItemProxy */;
		};
/* End PBXTargetDependency section */

/* Begin PBXVariantGroup section */
		6A696C7819D471EA004BC567 /* InfoPlist.strings */ = {
			isa = PBXVariantGroup;
			children = (
				6A696C7919D471EA004BC567 /* en */,
			);
			name = InfoPlist.strings;
			sourceTree = "<group>";
		};
		6A696C9719D471EA004BC567 /* InfoPlist.strings */ = {
			isa = PBXVariantGroup;
			children = (
				6A696C9819D471EA004BC567 /* en */,
			);
			name = InfoPlist.strings;
			sourceTree = "<group>";
		};
/* End PBXVariantGroup section */

/* Begin XCBuildConfiguration section */
		6A696C9C19D471EA004BC567 /* Debug */ = {
			isa = XCBuildConfiguration;
			buildSettings = {
				ALWAYS_SEARCH_USER_PATHS = NO;
				CLANG_CXX_LANGUAGE_STANDARD = "gnu++0x";
				CLANG_CXX_LIBRARY = "libc++";
				CLANG_ENABLE_MODULES = YES;
				CLANG_ENABLE_OBJC_ARC = YES;
				CLANG_WARN_BOOL_CONVERSION = YES;
				CLANG_WARN_CONSTANT_CONVERSION = YES;
				CLANG_WARN_DIRECT_OBJC_ISA_USAGE = YES_ERROR;
				CLANG_WARN_EMPTY_BODY = YES;
				CLANG_WARN_ENUM_CONVERSION = YES;
				CLANG_WARN_INT_CONVERSION = YES;
				CLANG_WARN_OBJC_ROOT_CLASS = YES_ERROR;
				CLANG_WARN__DUPLICATE_METHOD_MATCH = YES;
				"CODE_SIGN_IDENTITY[sdk=iphoneos*]" = "iPhone Developer";
				COPY_PHASE_STRIP = NO;
				GCC_C_LANGUAGE_STANDARD = gnu99;
				GCC_DYNAMIC_NO_PIC = NO;
				GCC_OPTIMIZATION_LEVEL = 0;
				GCC_PREPROCESSOR_DEFINITIONS = (
					"DEBUG=1",
					"$(inherited)",
				);
				GCC_SYMBOLS_PRIVATE_EXTERN = NO;
				GCC_WARN_64_TO_32_BIT_CONVERSION = YES;
				GCC_WARN_ABOUT_RETURN_TYPE = YES_ERROR;
				GCC_WARN_UNDECLARED_SELECTOR = YES;
				GCC_WARN_UNINITIALIZED_AUTOS = YES_AGGRESSIVE;
				GCC_WARN_UNUSED_FUNCTION = YES;
				GCC_WARN_UNUSED_VARIABLE = YES;
				IPHONEOS_DEPLOYMENT_TARGET = 7.1;
				ONLY_ACTIVE_ARCH = YES;
				SDKROOT = iphoneos;
			};
			name = Debug;
		};
		6A696C9D19D471EA004BC567 /* Release */ = {
			isa = XCBuildConfiguration;
			buildSettings = {
				ALWAYS_SEARCH_USER_PATHS = NO;
				CLANG_CXX_LANGUAGE_STANDARD = "gnu++0x";
				CLANG_CXX_LIBRARY = "libc++";
				CLANG_ENABLE_MODULES = YES;
				CLANG_ENABLE_OBJC_ARC = YES;
				CLANG_WARN_BOOL_CONVERSION = YES;
				CLANG_WARN_CONSTANT_CONVERSION = YES;
				CLANG_WARN_DIRECT_OBJC_ISA_USAGE = YES_ERROR;
				CLANG_WARN_EMPTY_BODY = YES;
				CLANG_WARN_ENUM_CONVERSION = YES;
				CLANG_WARN_INT_CONVERSION = YES;
				CLANG_WARN_OBJC_ROOT_CLASS = YES_ERROR;
				CLANG_WARN__DUPLICATE_METHOD_MATCH = YES;
				"CODE_SIGN_IDENTITY[sdk=iphoneos*]" = "iPhone Developer";
				COPY_PHASE_STRIP = YES;
				ENABLE_NS_ASSERTIONS = NO;
				GCC_C_LANGUAGE_STANDARD = gnu99;
				GCC_WARN_64_TO_32_BIT_CONVERSION = YES;
				GCC_WARN_ABOUT_RETURN_TYPE = YES_ERROR;
				GCC_WARN_UNDECLARED_SELECTOR = YES;
				GCC_WARN_UNINITIALIZED_AUTOS = YES_AGGRESSIVE;
				GCC_WARN_UNUSED_FUNCTION = YES;
				GCC_WARN_UNUSED_VARIABLE = YES;
				IPHONEOS_DEPLOYMENT_TARGET = 7.1;
				SDKROOT = iphoneos;
				VALIDATE_PRODUCT = YES;
			};
			name = Release;
		};
		6A696C9F19D471EA004BC567 /* Debug */ = {
			isa = XCBuildConfiguration;
			buildSettings = {
				ASSETCATALOG_COMPILER_APPICON_NAME = AppIcon;
				ASSETCATALOG_COMPILER_LAUNCHIMAGE_NAME = LaunchImage;
				CODE_SIGN_IDENTITY = "iPhone Developer";
				GCC_PRECOMPILE_PREFIX_HEADER = YES;
				GCC_PREFIX_HEADER = "Selfiephoto/Selfiephoto-Prefix.pch";
				INFOPLIST_FILE = "Selfiephoto/Selfiephoto-Info.plist";
				PRODUCT_NAME = "$(TARGET_NAME)";
				WRAPPER_EXTENSION = app;
			};
			name = Debug;
		};
		6A696CA019D471EA004BC567 /* Release */ = {
			isa = XCBuildConfiguration;
			buildSettings = {
				ASSETCATALOG_COMPILER_APPICON_NAME = AppIcon;
				ASSETCATALOG_COMPILER_LAUNCHIMAGE_NAME = LaunchImage;
				CODE_SIGN_IDENTITY = "iPhone Developer";
				GCC_PRECOMPILE_PREFIX_HEADER = YES;
				GCC_PREFIX_HEADER = "Selfiephoto/Selfiephoto-Prefix.pch";
				INFOPLIST_FILE = "Selfiephoto/Selfiephoto-Info.plist";
				PRODUCT_NAME = "$(TARGET_NAME)";
				WRAPPER_EXTENSION = app;
			};
			name = Release;
		};
		6A696CA219D471EA004BC567 /* Debug */ = {
			isa = XCBuildConfiguration;
			buildSettings = {
				BUNDLE_LOADER = "$(BUILT_PRODUCTS_DIR)/Selfiephoto.app/Selfiephoto";
				FRAMEWORK_SEARCH_PATHS = (
					"$(SDKROOT)/Developer/Library/Frameworks",
					"$(inherited)",
					"$(DEVELOPER_FRAMEWORKS_DIR)",
				);
				GCC_PRECOMPILE_PREFIX_HEADER = YES;
				GCC_PREFIX_HEADER = "Selfiephoto/Selfiephoto-Prefix.pch";
				GCC_PREPROCESSOR_DEFINITIONS = (
					"DEBUG=1",
					"$(inherited)",
				);
				INFOPLIST_FILE = "SelfiephotoTests/SelfiephotoTests-Info.plist";
				PRODUCT_NAME = "$(TARGET_NAME)";
				TEST_HOST = "$(BUNDLE_LOADER)";
				WRAPPER_EXTENSION = xctest;
			};
			name = Debug;
		};
		6A696CA319D471EA004BC567 /* Release */ = {
			isa = XCBuildConfiguration;
			buildSettings = {
				BUNDLE_LOADER = "$(BUILT_PRODUCTS_DIR)/Selfiephoto.app/Selfiephoto";
				FRAMEWORK_SEARCH_PATHS = (
					"$(SDKROOT)/Developer/Library/Frameworks",
					"$(inherited)",
					"$(DEVELOPER_FRAMEWORKS_DIR)",
				);
				GCC_PRECOMPILE_PREFIX_HEADER = YES;
				GCC_PREFIX_HEADER = "Selfiephoto/Selfiephoto-Prefix.pch";
				INFOPLIST_FILE = "SelfiephotoTests/SelfiephotoTests-Info.plist";
				PRODUCT_NAME = "$(TARGET_NAME)";
				TEST_HOST = "$(BUNDLE_LOADER)";
				WRAPPER_EXTENSION = xctest;
			};
			name = Release;
		};
/* End XCBuildConfiguration section */

/* Begin XCConfigurationList section */
		6A696C6719D471EA004BC567 /* Build configuration list for PBXProject "Selfiephoto" */ = {
			isa = XCConfigurationList;
			buildConfigurations = (
				6A696C9C19D471EA004BC567 /* Debug */,
				6A696C9D19D471EA004BC567 /* Release */,
			);
			defaultConfigurationIsVisible = 0;
			defaultConfigurationName = Release;
		};
		6A696C9E19D471EA004BC567 /* Build configuration list for PBXNativeTarget "Selfiephoto" */ = {
			isa = XCConfigurationList;
			buildConfigurations = (
				6A696C9F19D471EA004BC567 /* Debug */,
				6A696CA019D471EA004BC567 /* Release */,
			);
			defaultConfigurationIsVisible = 0;
		};
		6A696CA119D471EA004BC567 /* Build configuration list for PBXNativeTarget "SelfiephotoTests" */ = {
			isa = XCConfigurationList;
			buildConfigurations = (
				6A696CA219D471EA004BC567 /* Debug */,
				6A696CA319D471EA004BC567 /* Release */,
			);
			defaultConfigurationIsVisible = 0;
		};
/* End XCConfigurationList section */
	};
	rootObject = 6A696C6419D471EA004BC567 /* Project object */;
}
